<?xml version="1.0" encoding="utf-8"?>
<Project ToolsVersion="4.0" xmlns="http://schemas.microsoft.com/developer/msbuild/2003">
  <ItemGroup>
    <Filter Include="源文件">
      <UniqueIdentifier>{4FC737F1-C7A5-4376-A066-2A32D752A2FF}</UniqueIdentifier>
      <Extensions>cpp;c;cc;cxx;def;odl;idl;hpj;bat;asm;asmx</Extensions>
    </Filter>
    <Filter Include="头文件">
      <UniqueIdentifier>{93995380-89BD-4b04-88EB-625FBE52EBFB}</UniqueIdentifier>
      <Extensions>h;hh;hpp;hxx;hm;inl;inc;xsd</Extensions>
    </Filter>
    <Filter Include="资源文件">
      <UniqueIdentifier>{67DA6AB6-F800-4c08-8B7A-83BB121AAD01}</UniqueIdentifier>
      <Extensions>rc;ico;cur;bmp;dlg;rc2;rct;bin;rgs;gif;jpg;jpeg;jpe;resx;tiff;tif;png;wav;mfcribbon-ms</Extensions>
    </Filter>
  </ItemGroup>
  <ItemGroup>
    <Text Include="ReadMe.txt" />
  </ItemGroup>
  <ItemGroup>
    <ClInclude Include="校园一卡通管理系统.h">
      <Filter>头文件</Filter>
    </ClInclude>
    <ClInclude Include="校园一卡通管理系统Dlg.h">
      <Filter>头文件</Filter>
    </ClInclude>
    <ClInclude Include="stdafx.h">
      <Filter>头文件</Filter>
    </ClInclude>
    <ClInclude Include="targetver.h">
      <Filter>头文件</Filter>
    </ClInclude>
    <ClInclude Include="Resource.h">
      <Filter>头文件</Filter>
    </ClInclude>
    <ClInclude Include="LoginDlg.h">
      <Filter>头文件</Filter>
    </ClInclude>
    <ClInclude Include="ADOConn.h">
      <Filter>头文件</Filter>
    </ClInclude>
    <ClInclude Include="查询余额.h">
      <Filter>头文件</Filter>
    </ClInclude>
    <ClInclude Include="CUsers.h">
      <Filter>头文件</Filter>
    </ClInclude>
    <ClInclude Include="跑操查询.h">
      <Filter>头文件</Filter>
    </ClInclude>
    <ClInclude Include="AdminDlg.h">
      <Filter>头文件</Filter>
    </ClInclude>
    <ClInclude Include="消费记录.h">
      <Filter>头文件</Filter>
    </ClInclude>
    <ClInclude Include="学生快速充值.h">
      <Filter>头文件</Filter>
    </ClInclude>
    <ClInclude Include="管理员快速充值.h">
      <Filter>头文件</Filter>
    </ClInclude>
    <ClInclude Include="余额修改.h">
      <Filter>头文件</Filter>
    </ClInclude>
    <ClInclude Include="添加学生.h">
      <Filter>头文件</Filter>
    </ClInclude>
  </ItemGroup>
  <ItemGroup>
    <ClCompile Include="校园一卡通管理系统.cpp">
      <Filter>源文件</Filter>
    </ClCompile>
    <ClCompile Include="校园一卡通管理系统Dlg.cpp">
      <Filter>源文件</Filter>
    </ClCompile>
    <ClCompile Include="stdafx.cpp">
      <Filter>源文件</Filter>
    </ClCompile>
    <ClCompile Include="LoginDlg.cpp">
      <Filter>源文件</Filter>
    </ClCompile>
    <ClCompile Include="ADOConn.cpp">
      <Filter>源文件</Filter>
    </ClCompile>
    <ClCompile Include="查询余额.cpp">
      <Filter>源文件</Filter>
    </ClCompile>
    <ClCompile Include="跑操查询.cpp">
      <Filter>源文件</Filter>
    </ClCompile>
    <ClCompile Include="AdminDlg.cpp">
      <Filter>源文件</Filter>
    </ClCompile>
    <ClCompile Include="消费记录.cpp">
      <Filter>源文件</Filter>
    </ClCompile>
    <ClCompile Include="学生快速充值.cpp">
      <Filter>源文件</Filter>
    </ClCompile>
    <ClCompile Include="管理员快速充值.cpp">
      <Filter>源文件</Filter>
    </ClCompile>
    <ClCompile Include="余额修改.cpp">
      <Filter>源文件</Filter>
    </ClCompile>
    <ClCompile Include="添加学生.cpp">
      <Filter>源文件</Filter>
    </ClCompile>
  </ItemGroup>
  <ItemGroup>
    <ResourceCompile Include="校园一卡通管理系统.rc">
      <Filter>资源文件</Filter>
    </ResourceCompile>
  </ItemGroup>
  <ItemGroup>
    <None Include="res\My.rc2">
      <Filter>资源文件</Filter>
    </None>
  </ItemGroup>
  <ItemGroup>
    <Image Include="res\校园一卡通管理系统.ico">
      <Filter>资源文件</Filter>
    </Image>
    <Image Include="..\..\..\touxiang.bmp">
      <Filter>资源文件</Filter>
    </Image>
    <Image Include="背景.bmp">
      <Filter>资源文件</Filter>
    </Image>
    <Image Include="C:\Users\Administrator\Desktop\背景.bmp">
      <Filter>资源文件</Filter>
    </Image>
  </ItemGroup>
</Project>